// !$*UTF8*$!
{
	archiveVersion = 1;
	classes = {
	};
	objectVersion = 56;
	objects = {

/* Begin PBXBuildFile section */
		9D19C8E52A9481EA006E9E0E /* CryptoAppApp.swift in Sources */ = {isa = PBXBuildFile; fileRef = 9D19C8E42A9481EA006E9E0E /* CryptoAppApp.swift */; };
		9D19C8E72A9481EA006E9E0E /* ContentView.swift in Sources */ = {isa = PBXBuildFile; fileRef = 9D19C8E62A9481EA006E9E0E /* ContentView.swift */; };
		9D19C8E92A9481EB006E9E0E /* Assets.xcassets in Resources */ = {isa = PBXBuildFile; fileRef = 9D19C8E82A9481EB006E9E0E /* Assets.xcassets */; };
		9D19C8EC2A9481EB006E9E0E /* Preview Assets.xcassets in Resources */ = {isa = PBXBuildFile; fileRef = 9D19C8EB2A9481EB006E9E0E /* Preview Assets.xcassets */; };
		9D19C8F42A94852C006E9E0E /* Color.swift in Sources */ = {isa = PBXBuildFile; fileRef = 9D19C8F32A94852C006E9E0E /* Color.swift */; };
		9D19C8F72A948855006E9E0E /* HomeView.swift in Sources */ = {isa = PBXBuildFile; fileRef = 9D19C8F62A948855006E9E0E /* HomeView.swift */; };
		9D19C8FD2A948A7B006E9E0E /* CircleButtonView.swift in Sources */ = {isa = PBXBuildFile; fileRef = 9D19C8FC2A948A7B006E9E0E /* CircleButtonView.swift */; };
		9D19C8FF2A948FF0006E9E0E /* CircleAnimationView.swift in Sources */ = {isa = PBXBuildFile; fileRef = 9D19C8FE2A948FF0006E9E0E /* CircleAnimationView.swift */; };
		9D19C9022A94975D006E9E0E /* CoinModel.swift in Sources */ = {isa = PBXBuildFile; fileRef = 9D19C9012A94975D006E9E0E /* CoinModel.swift */; };
		9D19C9042A949A2B006E9E0E /* CoinRowView.swift in Sources */ = {isa = PBXBuildFile; fileRef = 9D19C9032A949A2B006E9E0E /* CoinRowView.swift */; };
		9D19C9062A949B8F006E9E0E /* PreviewProvider.swift in Sources */ = {isa = PBXBuildFile; fileRef = 9D19C9052A949B8F006E9E0E /* PreviewProvider.swift */; };
		9D19C9082A949F3C006E9E0E /* Double.swift in Sources */ = {isa = PBXBuildFile; fileRef = 9D19C9072A949F3C006E9E0E /* Double.swift */; };
		9D19C90C2A94D367006E9E0E /* HomeViewModel.swift in Sources */ = {isa = PBXBuildFile; fileRef = 9D19C90B2A94D367006E9E0E /* HomeViewModel.swift */; };
		9D19C90F2A94F6C2006E9E0E /* CoinDataService.swift in Sources */ = {isa = PBXBuildFile; fileRef = 9D19C90E2A94F6C2006E9E0E /* CoinDataService.swift */; };
		9D19C9122A95E24E006E9E0E /* NetworkingManager.swift in Sources */ = {isa = PBXBuildFile; fileRef = 9D19C9112A95E24E006E9E0E /* NetworkingManager.swift */; };
		9D19C9162A95EAB7006E9E0E /* CoinImageView.swift in Sources */ = {isa = PBXBuildFile; fileRef = 9D19C9152A95EAB7006E9E0E /* CoinImageView.swift */; };
		9D19C9182A95EDD6006E9E0E /* CoinImageService.swift in Sources */ = {isa = PBXBuildFile; fileRef = 9D19C9172A95EDD6006E9E0E /* CoinImageService.swift */; };
		9D19C91A2A95F278006E9E0E /* CoinImageViewModel.swift in Sources */ = {isa = PBXBuildFile; fileRef = 9D19C9192A95F278006E9E0E /* CoinImageViewModel.swift */; };
		9D19C91C2A95FB4B006E9E0E /* LocalFileManager.swift in Sources */ = {isa = PBXBuildFile; fileRef = 9D19C91B2A95FB4B006E9E0E /* LocalFileManager.swift */; };
		9D19C91E2A961FFE006E9E0E /* SearchBarView.swift in Sources */ = {isa = PBXBuildFile; fileRef = 9D19C91D2A961FFE006E9E0E /* SearchBarView.swift */; };
		9D19C9202A96266B006E9E0E /* UIApplication.swift in Sources */ = {isa = PBXBuildFile; fileRef = 9D19C91F2A96266B006E9E0E /* UIApplication.swift */; };
		9D19C9222A963273006E9E0E /* StatisticsModel.swift in Sources */ = {isa = PBXBuildFile; fileRef = 9D19C9212A963273006E9E0E /* StatisticsModel.swift */; };
		9D19C9242A9632D2006E9E0E /* StatisticView.swift in Sources */ = {isa = PBXBuildFile; fileRef = 9D19C9232A9632D2006E9E0E /* StatisticView.swift */; };
		9D19C9262A9634DF006E9E0E /* HomeStatsView.swift in Sources */ = {isa = PBXBuildFile; fileRef = 9D19C9252A9634DF006E9E0E /* HomeStatsView.swift */; };
		9D56AF2F2A971CF6000DD121 /* MarketDataModel.swift in Sources */ = {isa = PBXBuildFile; fileRef = 9D56AF2E2A971CF6000DD121 /* MarketDataModel.swift */; };
		9D56AF312A971FB9000DD121 /* MarketDataServise.swift in Sources */ = {isa = PBXBuildFile; fileRef = 9D56AF302A971FB9000DD121 /* MarketDataServise.swift */; };
		9D56AF332A973479000DD121 /* PortfolioView.swift in Sources */ = {isa = PBXBuildFile; fileRef = 9D56AF322A973479000DD121 /* PortfolioView.swift */; };
		9D56AF352A973823000DD121 /* XmarkButton.swift in Sources */ = {isa = PBXBuildFile; fileRef = 9D56AF342A973823000DD121 /* XmarkButton.swift */; };
		9D56AF372A9739D1000DD121 /* CoinLogoView.swift in Sources */ = {isa = PBXBuildFile; fileRef = 9D56AF362A9739D1000DD121 /* CoinLogoView.swift */; };
		9D56AF3A2A977608000DD121 /* PortfolioContainer.xcdatamodeld in Sources */ = {isa = PBXBuildFile; fileRef = 9D56AF382A977608000DD121 /* PortfolioContainer.xcdatamodeld */; };
		9D56AF3C2A9776A7000DD121 /* PortfolioDataService.swift in Sources */ = {isa = PBXBuildFile; fileRef = 9D56AF3B2A9776A7000DD121 /* PortfolioDataService.swift */; };
/* End PBXBuildFile section */

/* Begin PBXFileReference section */
		9D19C8E12A9481EA006E9E0E /* CryptoApp.app */ = {isa = PBXFileReference; explicitFileType = wrapper.application; includeInIndex = 0; path = CryptoApp.app; sourceTree = BUILT_PRODUCTS_DIR; };
		9D19C8E42A9481EA006E9E0E /* CryptoAppApp.swift */ = {isa = PBXFileReference; lastKnownFileType = sourcecode.swift; path = CryptoAppApp.swift; sourceTree = "<group>"; };
		9D19C8E62A9481EA006E9E0E /* ContentView.swift */ = {isa = PBXFileReference; lastKnownFileType = sourcecode.swift; path = ContentView.swift; sourceTree = "<group>"; };
		9D19C8E82A9481EB006E9E0E /* Assets.xcassets */ = {isa = PBXFileReference; lastKnownFileType = folder.assetcatalog; path = Assets.xcassets; sourceTree = "<group>"; };
		9D19C8EB2A9481EB006E9E0E /* Preview Assets.xcassets */ = {isa = PBXFileReference; lastKnownFileType = folder.assetcatalog; path = "Preview Assets.xcassets"; sourceTree = "<group>"; };
		9D19C8F32A94852C006E9E0E /* Color.swift */ = {isa = PBXFileReference; lastKnownFileType = sourcecode.swift; path = Color.swift; sourceTree = "<group>"; };
		9D19C8F62A948855006E9E0E /* HomeView.swift */ = {isa = PBXFileReference; lastKnownFileType = sourcecode.swift; path = HomeView.swift; sourceTree = "<group>"; };
		9D19C8FC2A948A7B006E9E0E /* CircleButtonView.swift */ = {isa = PBXFileReference; lastKnownFileType = sourcecode.swift; path = CircleButtonView.swift; sourceTree = "<group>"; };
		9D19C8FE2A948FF0006E9E0E /* CircleAnimationView.swift */ = {isa = PBXFileReference; lastKnownFileType = sourcecode.swift; path = CircleAnimationView.swift; sourceTree = "<group>"; };
		9D19C9012A94975D006E9E0E /* CoinModel.swift */ = {isa = PBXFileReference; fileEncoding = 4; lastKnownFileType = sourcecode.swift; path = CoinModel.swift; sourceTree = "<group>"; };
		9D19C9032A949A2B006E9E0E /* CoinRowView.swift */ = {isa = PBXFileReference; lastKnownFileType = sourcecode.swift; path = CoinRowView.swift; sourceTree = "<group>"; };
		9D19C9052A949B8F006E9E0E /* PreviewProvider.swift */ = {isa = PBXFileReference; fileEncoding = 4; lastKnownFileType = sourcecode.swift; path = PreviewProvider.swift; sourceTree = "<group>"; };
		9D19C9072A949F3C006E9E0E /* Double.swift */ = {isa = PBXFileReference; fileEncoding = 4; lastKnownFileType = sourcecode.swift; path = Double.swift; sourceTree = "<group>"; };
		9D19C90B2A94D367006E9E0E /* HomeViewModel.swift */ = {isa = PBXFileReference; lastKnownFileType = sourcecode.swift; path = HomeViewModel.swift; sourceTree = "<group>"; };
		9D19C90E2A94F6C2006E9E0E /* CoinDataService.swift */ = {isa = PBXFileReference; lastKnownFileType = sourcecode.swift; path = CoinDataService.swift; sourceTree = "<group>"; };
		9D19C9112A95E24E006E9E0E /* NetworkingManager.swift */ = {isa = PBXFileReference; lastKnownFileType = sourcecode.swift; path = NetworkingManager.swift; sourceTree = "<group>"; };
		9D19C9152A95EAB7006E9E0E /* CoinImageView.swift */ = {isa = PBXFileReference; lastKnownFileType = sourcecode.swift; path = CoinImageView.swift; sourceTree = "<group>"; };
		9D19C9172A95EDD6006E9E0E /* CoinImageService.swift */ = {isa = PBXFileReference; lastKnownFileType = sourcecode.swift; path = CoinImageService.swift; sourceTree = "<group>"; };
		9D19C9192A95F278006E9E0E /* CoinImageViewModel.swift */ = {isa = PBXFileReference; lastKnownFileType = sourcecode.swift; path = CoinImageViewModel.swift; sourceTree = "<group>"; };
		9D19C91B2A95FB4B006E9E0E /* LocalFileManager.swift */ = {isa = PBXFileReference; lastKnownFileType = sourcecode.swift; path = LocalFileManager.swift; sourceTree = "<group>"; };
		9D19C91D2A961FFE006E9E0E /* SearchBarView.swift */ = {isa = PBXFileReference; lastKnownFileType = sourcecode.swift; path = SearchBarView.swift; sourceTree = "<group>"; };
		9D19C91F2A96266B006E9E0E /* UIApplication.swift */ = {isa = PBXFileReference; lastKnownFileType = sourcecode.swift; path = UIApplication.swift; sourceTree = "<group>"; };
		9D19C9212A963273006E9E0E /* StatisticsModel.swift */ = {isa = PBXFileReference; lastKnownFileType = sourcecode.swift; path = StatisticsModel.swift; sourceTree = "<group>"; };
		9D19C9232A9632D2006E9E0E /* StatisticView.swift */ = {isa = PBXFileReference; lastKnownFileType = sourcecode.swift; path = StatisticView.swift; sourceTree = "<group>"; };
		9D19C9252A9634DF006E9E0E /* HomeStatsView.swift */ = {isa = PBXFileReference; lastKnownFileType = sourcecode.swift; path = HomeStatsView.swift; sourceTree = "<group>"; };
		9D56AF2E2A971CF6000DD121 /* MarketDataModel.swift */ = {isa = PBXFileReference; fileEncoding = 4; lastKnownFileType = sourcecode.swift; path = MarketDataModel.swift; sourceTree = "<group>"; };
		9D56AF302A971FB9000DD121 /* MarketDataServise.swift */ = {isa = PBXFileReference; lastKnownFileType = sourcecode.swift; path = MarketDataServise.swift; sourceTree = "<group>"; };
		9D56AF322A973479000DD121 /* PortfolioView.swift */ = {isa = PBXFileReference; lastKnownFileType = sourcecode.swift; path = PortfolioView.swift; sourceTree = "<group>"; };
		9D56AF342A973823000DD121 /* XmarkButton.swift */ = {isa = PBXFileReference; lastKnownFileType = sourcecode.swift; path = XmarkButton.swift; sourceTree = "<group>"; };
		9D56AF362A9739D1000DD121 /* CoinLogoView.swift */ = {isa = PBXFileReference; lastKnownFileType = sourcecode.swift; path = CoinLogoView.swift; sourceTree = "<group>"; };
		9D56AF392A977608000DD121 /* PortfolioContainer.xcdatamodel */ = {isa = PBXFileReference; lastKnownFileType = wrapper.xcdatamodel; path = PortfolioContainer.xcdatamodel; sourceTree = "<group>"; };
		9D56AF3B2A9776A7000DD121 /* PortfolioDataService.swift */ = {isa = PBXFileReference; lastKnownFileType = sourcecode.swift; path = PortfolioDataService.swift; sourceTree = "<group>"; };
/* End PBXFileReference section */

/* Begin PBXFrameworksBuildPhase section */
		9D19C8DE2A9481EA006E9E0E /* Frameworks */ = {
			isa = PBXFrameworksBuildPhase;
			buildActionMask = 2147483647;
			files = (
			);
			runOnlyForDeploymentPostprocessing = 0;
		};
/* End PBXFrameworksBuildPhase section */

/* Begin PBXGroup section */
		9D19C8D82A9481EA006E9E0E = {
			isa = PBXGroup;
			children = (
				9D19C8E32A9481EA006E9E0E /* CryptoApp */,
				9D19C8E22A9481EA006E9E0E /* Products */,
			);
			sourceTree = "<group>";
		};
		9D19C8E22A9481EA006E9E0E /* Products */ = {
			isa = PBXGroup;
			children = (
				9D19C8E12A9481EA006E9E0E /* CryptoApp.app */,
			);
			name = Products;
			sourceTree = "<group>";
		};
		9D19C8E32A9481EA006E9E0E /* CryptoApp */ = {
			isa = PBXGroup;
			children = (
				9D19C8E42A9481EA006E9E0E /* CryptoAppApp.swift */,
				9D19C9102A95E21F006E9E0E /* Utilities */,
				9D19C90D2A94F69F006E9E0E /* Services */,
				9D19C9002A949739006E9E0E /* Models */,
				9D19C8F22A94851A006E9E0E /* Extensions */,
				9D19C8F52A948844006E9E0E /* Core */,
				9D19C8E62A9481EA006E9E0E /* ContentView.swift */,
				9D19C8E82A9481EB006E9E0E /* Assets.xcassets */,
				9D19C8EA2A9481EB006E9E0E /* Preview Content */,
			);
			path = CryptoApp;
			sourceTree = "<group>";
		};
		9D19C8EA2A9481EB006E9E0E /* Preview Content */ = {
			isa = PBXGroup;
			children = (
				9D19C8EB2A9481EB006E9E0E /* Preview Assets.xcassets */,
			);
			path = "Preview Content";
			sourceTree = "<group>";
		};
		9D19C8F22A94851A006E9E0E /* Extensions */ = {
			isa = PBXGroup;
			children = (
				9D19C9072A949F3C006E9E0E /* Double.swift */,
				9D19C9052A949B8F006E9E0E /* PreviewProvider.swift */,
				9D19C8F32A94852C006E9E0E /* Color.swift */,
				9D19C91F2A96266B006E9E0E /* UIApplication.swift */,
			);
			path = Extensions;
			sourceTree = "<group>";
		};
		9D19C8F52A948844006E9E0E /* Core */ = {
			isa = PBXGroup;
			children = (
				9D19C8FB2A94899C006E9E0E /* Components */,
				9D19C8F82A948954006E9E0E /* Home */,
			);
			path = Core;
			sourceTree = "<group>";
		};
		9D19C8F82A948954006E9E0E /* Home */ = {
			isa = PBXGroup;
			children = (
				9D19C8FA2A94898D006E9E0E /* ViewModels */,
				9D19C8F92A94897D006E9E0E /* Views */,
			);
			path = Home;
			sourceTree = "<group>";
		};
		9D19C8F92A94897D006E9E0E /* Views */ = {
			isa = PBXGroup;
			children = (
				9D19C8F62A948855006E9E0E /* HomeView.swift */,
				9D19C9032A949A2B006E9E0E /* CoinRowView.swift */,
				9D19C9252A9634DF006E9E0E /* HomeStatsView.swift */,
				9D56AF322A973479000DD121 /* PortfolioView.swift */,
			);
			path = Views;
			sourceTree = "<group>";
		};
		9D19C8FA2A94898D006E9E0E /* ViewModels */ = {
			isa = PBXGroup;
			children = (
				9D19C90B2A94D367006E9E0E /* HomeViewModel.swift */,
			);
			path = ViewModels;
			sourceTree = "<group>";
		};
		9D19C8FB2A94899C006E9E0E /* Components */ = {
			isa = PBXGroup;
			children = (
				9D19C9142A95EA99006E9E0E /* CoinImage */,
				9D19C9132A95EA84006E9E0E /* CircleButton */,
				9D19C91D2A961FFE006E9E0E /* SearchBarView.swift */,
				9D19C9232A9632D2006E9E0E /* StatisticView.swift */,
				9D56AF342A973823000DD121 /* XmarkButton.swift */,
			);
			path = Components;
			sourceTree = "<group>";
		};
		9D19C9002A949739006E9E0E /* Models */ = {
			isa = PBXGroup;
			children = (
				9D19C9012A94975D006E9E0E /* CoinModel.swift */,
				9D19C9212A963273006E9E0E /* StatisticsModel.swift */,
				9D56AF2E2A971CF6000DD121 /* MarketDataModel.swift */,
				9D56AF382A977608000DD121 /* PortfolioContainer.xcdatamodeld */,
			);
			path = Models;
			sourceTree = "<group>";
		};
		9D19C90D2A94F69F006E9E0E /* Services */ = {
			isa = PBXGroup;
			children = (
				9D19C90E2A94F6C2006E9E0E /* CoinDataService.swift */,
				9D19C9172A95EDD6006E9E0E /* CoinImageService.swift */,
				9D56AF302A971FB9000DD121 /* MarketDataServise.swift */,
				9D56AF3B2A9776A7000DD121 /* PortfolioDataService.swift */,
			);
			path = Services;
			sourceTree = "<group>";
		};
		9D19C9102A95E21F006E9E0E /* Utilities */ = {
			isa = PBXGroup;
			children = (
				9D19C9112A95E24E006E9E0E /* NetworkingManager.swift */,
				9D19C91B2A95FB4B006E9E0E /* LocalFileManager.swift */,
			);
			path = Utilities;
			sourceTree = "<group>";
		};
		9D19C9132A95EA84006E9E0E /* CircleButton */ = {
			isa = PBXGroup;
			children = (
				9D19C8FC2A948A7B006E9E0E /* CircleButtonView.swift */,
				9D19C8FE2A948FF0006E9E0E /* CircleAnimationView.swift */,
			);
			path = CircleButton;
			sourceTree = "<group>";
		};
		9D19C9142A95EA99006E9E0E /* CoinImage */ = {
			isa = PBXGroup;
			children = (
				9D19C9152A95EAB7006E9E0E /* CoinImageView.swift */,
				9D56AF362A9739D1000DD121 /* CoinLogoView.swift */,
				9D19C9192A95F278006E9E0E /* CoinImageViewModel.swift */,
			);
			path = CoinImage;
			sourceTree = "<group>";
		};
/* End PBXGroup section */

/* Begin PBXNativeTarget section */
		9D19C8E02A9481EA006E9E0E /* CryptoApp */ = {
			isa = PBXNativeTarget;
			buildConfigurationList = 9D19C8EF2A9481EB006E9E0E /* Build configuration list for PBXNativeTarget "CryptoApp" */;
			buildPhases = (
				9D19C8DD2A9481EA006E9E0E /* Sources */,
				9D19C8DE2A9481EA006E9E0E /* Frameworks */,
				9D19C8DF2A9481EA006E9E0E /* Resources */,
			);
			buildRules = (
			);
			dependencies = (
			);
			name = CryptoApp;
			productName = CryptoApp;
			productReference = 9D19C8E12A9481EA006E9E0E /* CryptoApp.app */;
			productType = "com.apple.product-type.application";
		};
/* End PBXNativeTarget section */

/* Begin PBXProject section */
		9D19C8D92A9481EA006E9E0E /* Project object */ = {
			isa = PBXProject;
			attributes = {
				BuildIndependentTargetsInParallel = 1;
				LastSwiftUpdateCheck = 1420;
				LastUpgradeCheck = 1420;
				TargetAttributes = {
					9D19C8E02A9481EA006E9E0E = {
						CreatedOnToolsVersion = 14.2;
					};
				};
			};
			buildConfigurationList = 9D19C8DC2A9481EA006E9E0E /* Build configuration list for PBXProject "CryptoApp" */;
			compatibilityVersion = "Xcode 14.0";
			developmentRegion = en;
			hasScannedForEncodings = 0;
			knownRegions = (
				en,
				Base,
			);
			mainGroup = 9D19C8D82A9481EA006E9E0E;
			productRefGroup = 9D19C8E22A9481EA006E9E0E /* Products */;
			projectDirPath = "";
			projectRoot = "";
			targets = (
				9D19C8E02A9481EA006E9E0E /* CryptoApp */,
			);
		};
/* End PBXProject section */

/* Begin PBXResourcesBuildPhase section */
		9D19C8DF2A9481EA006E9E0E /* Resources */ = {
			isa = PBXResourcesBuildPhase;
			buildActionMask = 2147483647;
			files = (
				9D19C8EC2A9481EB006E9E0E /* Preview Assets.xcassets in Resources */,
				9D19C8E92A9481EB006E9E0E /* Assets.xcassets in Resources */,
			);
			runOnlyForDeploymentPostprocessing = 0;
		};
/* End PBXResourcesBuildPhase section */

/* Begin PBXSourcesBuildPhase section */
		9D19C8DD2A9481EA006E9E0E /* Sources */ = {
			isa = PBXSourcesBuildPhase;
			buildActionMask = 2147483647;
			files = (
				9D56AF3A2A977608000DD121 /* PortfolioContainer.xcdatamodeld in Sources */,
				9D19C90F2A94F6C2006E9E0E /* CoinDataService.swift in Sources */,
				9D19C9042A949A2B006E9E0E /* CoinRowView.swift in Sources */,
				9D19C90C2A94D367006E9E0E /* HomeViewModel.swift in Sources */,
				9D19C8E72A9481EA006E9E0E /* ContentView.swift in Sources */,
				9D19C91C2A95FB4B006E9E0E /* LocalFileManager.swift in Sources */,
				9D19C8FF2A948FF0006E9E0E /* CircleAnimationView.swift in Sources */,
				9D56AF2F2A971CF6000DD121 /* MarketDataModel.swift in Sources */,
				9D19C9162A95EAB7006E9E0E /* CoinImageView.swift in Sources */,
				9D19C9242A9632D2006E9E0E /* StatisticView.swift in Sources */,
				9D19C8F72A948855006E9E0E /* HomeView.swift in Sources */,
				9D19C9222A963273006E9E0E /* StatisticsModel.swift in Sources */,
				9D19C9202A96266B006E9E0E /* UIApplication.swift in Sources */,
				9D19C8E52A9481EA006E9E0E /* CryptoAppApp.swift in Sources */,
				9D19C8FD2A948A7B006E9E0E /* CircleButtonView.swift in Sources */,
				9D19C91E2A961FFE006E9E0E /* SearchBarView.swift in Sources */,
				9D19C9122A95E24E006E9E0E /* NetworkingManager.swift in Sources */,
				9D19C9262A9634DF006E9E0E /* HomeStatsView.swift in Sources */,
				9D56AF372A9739D1000DD121 /* CoinLogoView.swift in Sources */,
				9D56AF352A973823000DD121 /* XmarkButton.swift in Sources */,
				9D56AF312A971FB9000DD121 /* MarketDataServise.swift in Sources */,
				9D19C8F42A94852C006E9E0E /* Color.swift in Sources */,
				9D19C91A2A95F278006E9E0E /* CoinImageViewModel.swift in Sources */,
				9D19C9062A949B8F006E9E0E /* PreviewProvider.swift in Sources */,
				9D56AF332A973479000DD121 /* PortfolioView.swift in Sources */,
				9D19C9082A949F3C006E9E0E /* Double.swift in Sources */,
				9D19C9182A95EDD6006E9E0E /* CoinImageService.swift in Sources */,
				9D19C9022A94975D006E9E0E /* CoinModel.swift in Sources */,
				9D56AF3C2A9776A7000DD121 /* PortfolioDataService.swift in Sources */,
			);
			runOnlyForDeploymentPostprocessing = 0;
		};
/* End PBXSourcesBuildPhase section */

/* Begin XCBuildConfiguration section */
		9D19C8ED2A9481EB006E9E0E /* Debug */ = {
			isa = XCBuildConfiguration;
			buildSettings = {
				ALWAYS_SEARCH_USER_PATHS = NO;
				CLANG_ANALYZER_NONNULL = YES;
				CLANG_ANALYZER_NUMBER_OBJECT_CONVERSION = YES_AGGRESSIVE;
				CLANG_CXX_LANGUAGE_STANDARD = "gnu++20";
				CLANG_ENABLE_MODULES = YES;
				CLANG_ENABLE_OBJC_ARC = YES;
				CLANG_ENABLE_OBJC_WEAK = YES;
				CLANG_WARN_BLOCK_CAPTURE_AUTORELEASING = YES;
				CLANG_WARN_BOOL_CONVERSION = YES;
				CLANG_WARN_COMMA = YES;
				CLANG_WARN_CONSTANT_CONVERSION = YES;
				CLANG_WARN_DEPRECATED_OBJC_IMPLEMENTATIONS = YES;
				CLANG_WARN_DIRECT_OBJC_ISA_USAGE = YES_ERROR;
				CLANG_WARN_DOCUMENTATION_COMMENTS = YES;
				CLANG_WARN_EMPTY_BODY = YES;
				CLANG_WARN_ENUM_CONVERSION = YES;
				CLANG_WARN_INFINITE_RECURSION = YES;
				CLANG_WARN_INT_CONVERSION = YES;
				CLANG_WARN_NON_LITERAL_NULL_CONVERSION = YES;
				CLANG_WARN_OBJC_IMPLICIT_RETAIN_SELF = YES;
				CLANG_WARN_OBJC_LITERAL_CONVERSION = YES;
				CLANG_WARN_OBJC_ROOT_CLASS = YES_ERROR;
				CLANG_WARN_QUOTED_INCLUDE_IN_FRAMEWORK_HEADER = YES;
				CLANG_WARN_RANGE_LOOP_ANALYSIS = YES;
				CLANG_WARN_STRICT_PROTOTYPES = YES;
				CLANG_WARN_SUSPICIOUS_MOVE = YES;
				CLANG_WARN_UNGUARDED_AVAILABILITY = YES_AGGRESSIVE;
				CLANG_WARN_UNREACHABLE_CODE = YES;
				CLANG_WARN__DUPLICATE_METHOD_MATCH = YES;
				COPY_PHASE_STRIP = NO;
				DEBUG_INFORMATION_FORMAT = dwarf;
				ENABLE_STRICT_OBJC_MSGSEND = YES;
				ENABLE_TESTABILITY = YES;
				GCC_C_LANGUAGE_STANDARD = gnu11;
				GCC_DYNAMIC_NO_PIC = NO;
				GCC_NO_COMMON_BLOCKS = YES;
				GCC_OPTIMIZATION_LEVEL = 0;
				GCC_PREPROCESSOR_DEFINITIONS = (
					"DEBUG=1",
					"$(inherited)",
				);
				GCC_WARN_64_TO_32_BIT_CONVERSION = YES;
				GCC_WARN_ABOUT_RETURN_TYPE = YES_ERROR;
				GCC_WARN_UNDECLARED_SELECTOR = YES;
				GCC_WARN_UNINITIALIZED_AUTOS = YES_AGGRESSIVE;
				GCC_WARN_UNUSED_FUNCTION = YES;
				GCC_WARN_UNUSED_VARIABLE = YES;
				IPHONEOS_DEPLOYMENT_TARGET = 16.2;
				MTL_ENABLE_DEBUG_INFO = INCLUDE_SOURCE;
				MTL_FAST_MATH = YES;
				ONLY_ACTIVE_ARCH = YES;
				SDKROOT = iphoneos;
				SWIFT_ACTIVE_COMPILATION_CONDITIONS = DEBUG;
				SWIFT_OPTIMIZATION_LEVEL = "-Onone";
			};
			name = Debug;
		};
		9D19C8EE2A9481EB006E9E0E /* Release */ = {
			isa = XCBuildConfiguration;
			buildSettings = {
				ALWAYS_SEARCH_USER_PATHS = NO;
				CLANG_ANALYZER_NONNULL = YES;
				CLANG_ANALYZER_NUMBER_OBJECT_CONVERSION = YES_AGGRESSIVE;
				CLANG_CXX_LANGUAGE_STANDARD = "gnu++20";
				CLANG_ENABLE_MODULES = YES;
				CLANG_ENABLE_OBJC_ARC = YES;
				CLANG_ENABLE_OBJC_WEAK = YES;
				CLANG_WARN_BLOCK_CAPTURE_AUTORELEASING = YES;
				CLANG_WARN_BOOL_CONVERSION = YES;
				CLANG_WARN_COMMA = YES;
				CLANG_WARN_CONSTANT_CONVERSION = YES;
				CLANG_WARN_DEPRECATED_OBJC_IMPLEMENTATIONS = YES;
				CLANG_WARN_DIRECT_OBJC_ISA_USAGE = YES_ERROR;
				CLANG_WARN_DOCUMENTATION_COMMENTS = YES;
				CLANG_WARN_EMPTY_BODY = YES;
				CLANG_WARN_ENUM_CONVERSION = YES;
				CLANG_WARN_INFINITE_RECURSION = YES;
				CLANG_WARN_INT_CONVERSION = YES;
				CLANG_WARN_NON_LITERAL_NULL_CONVERSION = YES;
				CLANG_WARN_OBJC_IMPLICIT_RETAIN_SELF = YES;
				CLANG_WARN_OBJC_LITERAL_CONVERSION = YES;
				CLANG_WARN_OBJC_ROOT_CLASS = YES_ERROR;
				CLANG_WARN_QUOTED_INCLUDE_IN_FRAMEWORK_HEADER = YES;
				CLANG_WARN_RANGE_LOOP_ANALYSIS = YES;
				CLANG_WARN_STRICT_PROTOTYPES = YES;
				CLANG_WARN_SUSPICIOUS_MOVE = YES;
				CLANG_WARN_UNGUARDED_AVAILABILITY = YES_AGGRESSIVE;
				CLANG_WARN_UNREACHABLE_CODE = YES;
				CLANG_WARN__DUPLICATE_METHOD_MATCH = YES;
				COPY_PHASE_STRIP = NO;
				DEBUG_INFORMATION_FORMAT = "dwarf-with-dsym";
				ENABLE_NS_ASSERTIONS = NO;
				ENABLE_STRICT_OBJC_MSGSEND = YES;
				GCC_C_LANGUAGE_STANDARD = gnu11;
				GCC_NO_COMMON_BLOCKS = YES;
				GCC_WARN_64_TO_32_BIT_CONVERSION = YES;
				GCC_WARN_ABOUT_RETURN_TYPE = YES_ERROR;
				GCC_WARN_UNDECLARED_SELECTOR = YES;
				GCC_WARN_UNINITIALIZED_AUTOS = YES_AGGRESSIVE;
				GCC_WARN_UNUSED_FUNCTION = YES;
				GCC_WARN_UNUSED_VARIABLE = YES;
				IPHONEOS_DEPLOYMENT_TARGET = 16.2;
				MTL_ENABLE_DEBUG_INFO = NO;
				MTL_FAST_MATH = YES;
				SDKROOT = iphoneos;
				SWIFT_COMPILATION_MODE = wholemodule;
				SWIFT_OPTIMIZATION_LEVEL = "-O";
				VALIDATE_PRODUCT = YES;
			};
			name = Release;
		};
		9D19C8F02A9481EB006E9E0E /* Debug */ = {
			isa = XCBuildConfiguration;
			buildSettings = {
				ASSETCATALOG_COMPILER_APPICON_NAME = AppIcon;
				ASSETCATALOG_COMPILER_GLOBAL_ACCENT_COLOR_NAME = AccentColor;
				CODE_SIGN_STYLE = Automatic;
				CURRENT_PROJECT_VERSION = 1;
				DEVELOPMENT_ASSET_PATHS = "\"CryptoApp/Preview Content\"";
				DEVELOPMENT_TEAM = 2TW9FS35C5;
				ENABLE_PREVIEWS = YES;
				GENERATE_INFOPLIST_FILE = YES;
				INFOPLIST_KEY_CFBundleDisplayName = "Crypto Tracker";
				INFOPLIST_KEY_UIApplicationSceneManifest_Generation = YES;
				INFOPLIST_KEY_UIApplicationSupportsIndirectInputEvents = YES;
				INFOPLIST_KEY_UILaunchScreen_Generation = YES;
				INFOPLIST_KEY_UISupportedInterfaceOrientations = UIInterfaceOrientationPortrait;
				IPHONEOS_DEPLOYMENT_TARGET = 15.6;
				LD_RUNPATH_SEARCH_PATHS = (
					"$(inherited)",
					"@executable_path/Frameworks",
				);
				MARKETING_VERSION = 1.0;
				PRODUCT_BUNDLE_IDENTIFIER = "-.CryptoApp";
				PRODUCT_NAME = "$(TARGET_NAME)";
				SWIFT_EMIT_LOC_STRINGS = YES;
				SWIFT_VERSION = 5.0;
				TARGETED_DEVICE_FAMILY = "1,2";
			};
			name = Debug;
		};
		9D19C8F12A9481EB006E9E0E /* Release */ = {
			isa = XCBuildConfiguration;
			buildSettings = {
				ASSETCATALOG_COMPILER_APPICON_NAME = AppIcon;
				ASSETCATALOG_COMPILER_GLOBAL_ACCENT_COLOR_NAME = AccentColor;
				CODE_SIGN_STYLE = Automatic;
				CURRENT_PROJECT_VERSION = 1;
				DEVELOPMENT_ASSET_PATHS = "\"CryptoApp/Preview Content\"";
				DEVELOPMENT_TEAM = 2TW9FS35C5;
				ENABLE_PREVIEWS = YES;
				GENERATE_INFOPLIST_FILE = YES;
				INFOPLIST_KEY_CFBundleDisplayName = "Crypto Tracker";
				INFOPLIST_KEY_UIApplicationSceneManifest_Generation = YES;
				INFOPLIST_KEY_UIApplicationSupportsIndirectInputEvents = YES;
				INFOPLIST_KEY_UILaunchScreen_Generation = YES;
				INFOPLIST_KEY_UISupportedInterfaceOrientations = UIInterfaceOrientationPortrait;
				IPHONEOS_DEPLOYMENT_TARGET = 15.6;
				LD_RUNPATH_SEARCH_PATHS = (
					"$(inherited)",
					"@executable_path/Frameworks",
				);
				MARKETING_VERSION = 1.0;
				PRODUCT_BUNDLE_IDENTIFIER = "-.CryptoApp";
				PRODUCT_NAME = "$(TARGET_NAME)";
				SWIFT_EMIT_LOC_STRINGS = YES;
				SWIFT_VERSION = 5.0;
				TARGETED_DEVICE_FAMILY = "1,2";
			};
			name = Release;
		};
/* End XCBuildConfiguration section */

/* Begin XCConfigurationList section */
		9D19C8DC2A9481EA006E9E0E /* Build configuration list for PBXProject "CryptoApp" */ = {
			isa = XCConfigurationList;
			buildConfigurations = (
				9D19C8ED2A9481EB006E9E0E /* Debug */,
				9D19C8EE2A9481EB006E9E0E /* Release */,
			);
			defaultConfigurationIsVisible = 0;
			defaultConfigurationName = Release;
		};
		9D19C8EF2A9481EB006E9E0E /* Build configuration list for PBXNativeTarget "CryptoApp" */ = {
			isa = XCConfigurationList;
			buildConfigurations = (
				9D19C8F02A9481EB006E9E0E /* Debug */,
				9D19C8F12A9481EB006E9E0E /* Release */,
			);
			defaultConfigurationIsVisible = 0;
			defaultConfigurationName = Release;
		};
/* End XCConfigurationList section */

/* Begin XCVersionGroup section */
		9D56AF382A977608000DD121 /* PortfolioContainer.xcdatamodeld */ = {
			isa = XCVersionGroup;
			children = (
				9D56AF392A977608000DD121 /* PortfolioContainer.xcdatamodel */,
			);
			currentVersion = 9D56AF392A977608000DD121 /* PortfolioContainer.xcdatamodel */;
			path = PortfolioContainer.xcdatamodeld;
			sourceTree = "<group>";
			versionGroupType = wrapper.xcdatamodel;
		};
/* End XCVersionGroup section */
	};
	rootObject = 9D19C8D92A9481EA006E9E0E /* Project object */;
}
